
Microsoft Visual Studio Solution File, Format Version 12.00
# Visual Studio Version 17
VisualStudioVersion = 17.5.002.0
MinimumVisualStudioVersion = 10.0.40219.1
Project("{FAE04EC0-301F-11D3-BF4B-00C04F79EFBC}") = "MobiPark.App", "MobiPark.App\MobiPark.App.csproj", "{41B6D49B-9C4C-4441-8D98-45C9EC21B2E5}"
EndProject
Project("{FAE04EC0-301F-11D3-BF4B-00C04F79EFBC}") = "MobiPark.Domain", "MobiPark.Domain\MobiPark.Domain.csproj", "{00A6905D-D435-491C-A3DB-9948B59E6E94}"
EndProject
Project("{FAE04EC0-301F-11D3-BF4B-00C04F79EFBC}") = "MobiPark.Domain.Test", "MobiPark.Domain.Test\MobiPark.Domain.Test.csproj", "{F3C0A0AB-A1AA-4EE6-801E-C229F7D017E3}"
EndProject
Global
	GlobalSection(SolutionConfigurationPlatforms) = preSolution
		Debug|Any CPU = Debug|Any CPU
		Release|Any CPU = Release|Any CPU
	EndGlobalSection
	GlobalSection(ProjectConfigurationPlatforms) = postSolution
		{41B6D49B-9C4C-4441-8D98-45C9EC21B2E5}.Debug|Any CPU.ActiveCfg = Debug|Any CPU
		{41B6D49B-9C4C-4441-8D98-45C9EC21B2E5}.Debug|Any CPU.Build.0 = Debug|Any CPU
		{41B6D49B-9C4C-4441-8D98-45C9EC21B2E5}.Release|Any CPU.ActiveCfg = Release|Any CPU
		{41B6D49B-9C4C-4441-8D98-45C9EC21B2E5}.Release|Any CPU.Build.0 = Release|Any CPU
		{00A6905D-D435-491C-A3DB-9948B59E6E94}.Debug|Any CPU.ActiveCfg = Debug|Any CPU
		{00A6905D-D435-491C-A3DB-9948B59E6E94}.Debug|Any CPU.Build.0 = Debug|Any CPU
		{00A6905D-D435-491C-A3DB-9948B59E6E94}.Release|Any CPU.ActiveCfg = Release|Any CPU
		{00A6905D-D435-491C-A3DB-9948B59E6E94}.Release|Any CPU.Build.0 = Release|Any CPU
		{F3C0A0AB-A1AA-4EE6-801E-C229F7D017E3}.Debug|Any CPU.ActiveCfg = Debug|Any CPU
		{F3C0A0AB-A1AA-4EE6-801E-C229F7D017E3}.Debug|Any CPU.Build.0 = Debug|Any CPU
		{F3C0A0AB-A1AA-4EE6-801E-C229F7D017E3}.Release|Any CPU.ActiveCfg = Release|Any CPU
		{F3C0A0AB-A1AA-4EE6-801E-C229F7D017E3}.Release|Any CPU.Build.0 = Release|Any CPU
	EndGlobalSection
	GlobalSection(SolutionProperties) = preSolution
		HideSolutionNode = FALSE
	EndGlobalSection
	GlobalSection(ExtensibilityGlobals) = postSolution
		SolutionGuid = {A3222B92-E078-4DF0-BC8E-202E8F85031C}
	EndGlobalSection
EndGlobal
